
Microsoft Visual Studio Solution File, Format Version 12.00
# Visual Studio Version 16
VisualStudioVersion = 16.0.29806.167
MinimumVisualStudioVersion = 10.0.40219.1
Project("{9A19103F-16F7-4668-BE54-9A1E7A4F7556}") = "MyAirport.consoleApp", "MyAirport\MyAirport.consoleApp.csproj", "{98A99CAE-1C82-445E-BC37-24AC486F10CB}"
EndProject
Project("{9A19103F-16F7-4668-BE54-9A1E7A4F7556}") = "HL.MyAirport.EF", "HL.MyAirport.EF\HL.MyAirport.EF.csproj", "{D43C79A7-60E0-4F16-A334-E159A5FE90BF}"
EndProject
Project("{9A19103F-16F7-4668-BE54-9A1E7A4F7556}") = "MyAirportWebApi", "MyAirportWebApi\MyAirportWebApi.csproj", "{B98220E3-1CD1-4F0E-B457-D0C64692671A}"
EndProject
Project("{9A19103F-16F7-4668-BE54-9A1E7A4F7556}") = "MyAirportGraphQL", "MyAirportGraphQL\MyAirportGraphQL.csproj", "{7619869E-A897-4452-A56E-4A90BC09250E}"
EndProject
Project("{FAE04EC0-301F-11D3-BF4B-00C04F79EFBC}") = "MyAirportRazor", "MyAirportRazor\MyAirportRazor.csproj", "{1FC70C17-1F9A-4460-A98F-4170FFBF7ACF}"
EndProject
Global
	GlobalSection(SolutionConfigurationPlatforms) = preSolution
		Debug|Any CPU = Debug|Any CPU
		Release|Any CPU = Release|Any CPU
	EndGlobalSection
	GlobalSection(ProjectConfigurationPlatforms) = postSolution
		{98A99CAE-1C82-445E-BC37-24AC486F10CB}.Debug|Any CPU.ActiveCfg = Debug|Any CPU
		{98A99CAE-1C82-445E-BC37-24AC486F10CB}.Debug|Any CPU.Build.0 = Debug|Any CPU
		{98A99CAE-1C82-445E-BC37-24AC486F10CB}.Release|Any CPU.ActiveCfg = Release|Any CPU
		{98A99CAE-1C82-445E-BC37-24AC486F10CB}.Release|Any CPU.Build.0 = Release|Any CPU
		{D43C79A7-60E0-4F16-A334-E159A5FE90BF}.Debug|Any CPU.ActiveCfg = Debug|Any CPU
		{D43C79A7-60E0-4F16-A334-E159A5FE90BF}.Debug|Any CPU.Build.0 = Debug|Any CPU
		{D43C79A7-60E0-4F16-A334-E159A5FE90BF}.Release|Any CPU.ActiveCfg = Release|Any CPU
		{D43C79A7-60E0-4F16-A334-E159A5FE90BF}.Release|Any CPU.Build.0 = Release|Any CPU
		{B98220E3-1CD1-4F0E-B457-D0C64692671A}.Debug|Any CPU.ActiveCfg = Debug|Any CPU
		{B98220E3-1CD1-4F0E-B457-D0C64692671A}.Debug|Any CPU.Build.0 = Debug|Any CPU
		{B98220E3-1CD1-4F0E-B457-D0C64692671A}.Release|Any CPU.ActiveCfg = Release|Any CPU
		{B98220E3-1CD1-4F0E-B457-D0C64692671A}.Release|Any CPU.Build.0 = Release|Any CPU
		{7619869E-A897-4452-A56E-4A90BC09250E}.Debug|Any CPU.ActiveCfg = Debug|Any CPU
		{7619869E-A897-4452-A56E-4A90BC09250E}.Debug|Any CPU.Build.0 = Debug|Any CPU
		{7619869E-A897-4452-A56E-4A90BC09250E}.Release|Any CPU.ActiveCfg = Release|Any CPU
		{7619869E-A897-4452-A56E-4A90BC09250E}.Release|Any CPU.Build.0 = Release|Any CPU
		{1FC70C17-1F9A-4460-A98F-4170FFBF7ACF}.Debug|Any CPU.ActiveCfg = Debug|Any CPU
		{1FC70C17-1F9A-4460-A98F-4170FFBF7ACF}.Debug|Any CPU.Build.0 = Debug|Any CPU
		{1FC70C17-1F9A-4460-A98F-4170FFBF7ACF}.Release|Any CPU.ActiveCfg = Release|Any CPU
		{1FC70C17-1F9A-4460-A98F-4170FFBF7ACF}.Release|Any CPU.Build.0 = Release|Any CPU
	EndGlobalSection
	GlobalSection(SolutionProperties) = preSolution
		HideSolutionNode = FALSE
	EndGlobalSection
	GlobalSection(ExtensibilityGlobals) = postSolution
		SolutionGuid = {668BCF31-DF38-4B7F-A8C5-535CB576106A}
	EndGlobalSection
EndGlobal
